
Microsoft Visual Studio Solution File, Format Version 12.00
# Visual Studio 2012
Project("{FAE04EC0-301F-11D3-BF4B-00C04F79EFBC}") = "GitTrial", "GitTrial\GitTrial.csproj", "{259028C6-A514-412C-A63E-CCE6BD7852F0}"
EndProject
Global
	GlobalSection(SolutionConfigurationPlatforms) = preSolution
		Debug|Any CPU = Debug|Any CPU
		Release|Any CPU = Release|Any CPU
	EndGlobalSection
	GlobalSection(ProjectConfigurationPlatforms) = postSolution
		{259028C6-A514-412C-A63E-CCE6BD7852F0}.Debug|Any CPU.ActiveCfg = Debug|Any CPU
		{259028C6-A514-412C-A63E-CCE6BD7852F0}.Debug|Any CPU.Build.0 = Debug|Any CPU
		{259028C6-A514-412C-A63E-CCE6BD7852F0}.Release|Any CPU.ActiveCfg = Release|Any CPU
		{259028C6-A514-412C-A63E-CCE6BD7852F0}.Release|Any CPU.Build.0 = Release|Any CPU
	EndGlobalSection
	GlobalSection(SolutionProperties) = preSolution
		HideSolutionNode = FALSE
	EndGlobalSection
EndGlobal
